
Microsoft Visual Studio Solution File, Format Version 12.00
# Visual Studio Version 17
VisualStudioVersion = 17.9.34616.47
MinimumVisualStudioVersion = 10.0.40219.1
Project("{FAE04EC0-301F-11D3-BF4B-00C04F79EFBC}") = "IKYv4", "IKYv4\IKYv4.csproj", "{52EF7CF4-2578-410A-972A-53535F0C413D}"
EndProject
Project("{FAE04EC0-301F-11D3-BF4B-00C04F79EFBC}") = "DataAccess", "DataAccess\DataAccess.csproj", "{1696D17F-240C-4274-A941-5BC5E80BD2C6}"
EndProject
Project("{FAE04EC0-301F-11D3-BF4B-00C04F79EFBC}") = "Business", "Business\Business.csproj", "{D43F81DB-D53B-4043-8B16-B5948E6F9362}"
EndProject
Project("{FAE04EC0-301F-11D3-BF4B-00C04F79EFBC}") = "Core", "Core\Core.csproj", "{74AB16BE-3EE0-4173-8AA7-2619637FE380}"
EndProject
Project("{FAE04EC0-301F-11D3-BF4B-00C04F79EFBC}") = "Entities", "Entities\Entities.csproj", "{EE5B3918-8B91-40D2-9E0F-613473DAA8C9}"
EndProject
Global
	GlobalSection(SolutionConfigurationPlatforms) = preSolution
		Debug|Any CPU = Debug|Any CPU
		Release|Any CPU = Release|Any CPU
	EndGlobalSection
	GlobalSection(ProjectConfigurationPlatforms) = postSolution
		{52EF7CF4-2578-410A-972A-53535F0C413D}.Debug|Any CPU.ActiveCfg = Debug|Any CPU
		{52EF7CF4-2578-410A-972A-53535F0C413D}.Debug|Any CPU.Build.0 = Debug|Any CPU
		{52EF7CF4-2578-410A-972A-53535F0C413D}.Release|Any CPU.ActiveCfg = Release|Any CPU
		{52EF7CF4-2578-410A-972A-53535F0C413D}.Release|Any CPU.Build.0 = Release|Any CPU
		{1696D17F-240C-4274-A941-5BC5E80BD2C6}.Debug|Any CPU.ActiveCfg = Debug|Any CPU
		{1696D17F-240C-4274-A941-5BC5E80BD2C6}.Debug|Any CPU.Build.0 = Debug|Any CPU
		{1696D17F-240C-4274-A941-5BC5E80BD2C6}.Release|Any CPU.ActiveCfg = Release|Any CPU
		{1696D17F-240C-4274-A941-5BC5E80BD2C6}.Release|Any CPU.Build.0 = Release|Any CPU
		{D43F81DB-D53B-4043-8B16-B5948E6F9362}.Debug|Any CPU.ActiveCfg = Debug|Any CPU
		{D43F81DB-D53B-4043-8B16-B5948E6F9362}.Debug|Any CPU.Build.0 = Debug|Any CPU
		{D43F81DB-D53B-4043-8B16-B5948E6F9362}.Release|Any CPU.ActiveCfg = Release|Any CPU
		{D43F81DB-D53B-4043-8B16-B5948E6F9362}.Release|Any CPU.Build.0 = Release|Any CPU
		{74AB16BE-3EE0-4173-8AA7-2619637FE380}.Debug|Any CPU.ActiveCfg = Debug|Any CPU
		{74AB16BE-3EE0-4173-8AA7-2619637FE380}.Debug|Any CPU.Build.0 = Debug|Any CPU
		{74AB16BE-3EE0-4173-8AA7-2619637FE380}.Release|Any CPU.ActiveCfg = Release|Any CPU
		{74AB16BE-3EE0-4173-8AA7-2619637FE380}.Release|Any CPU.Build.0 = Release|Any CPU
		{EE5B3918-8B91-40D2-9E0F-613473DAA8C9}.Debug|Any CPU.ActiveCfg = Debug|Any CPU
		{EE5B3918-8B91-40D2-9E0F-613473DAA8C9}.Debug|Any CPU.Build.0 = Debug|Any CPU
		{EE5B3918-8B91-40D2-9E0F-613473DAA8C9}.Release|Any CPU.ActiveCfg = Release|Any CPU
		{EE5B3918-8B91-40D2-9E0F-613473DAA8C9}.Release|Any CPU.Build.0 = Release|Any CPU
	EndGlobalSection
	GlobalSection(SolutionProperties) = preSolution
		HideSolutionNode = FALSE
	EndGlobalSection
	GlobalSection(ExtensibilityGlobals) = postSolution
		SolutionGuid = {F458BB43-313F-4A05-8C7D-BAA48BCF674B}
	EndGlobalSection
EndGlobal
